
Microsoft Visual Studio Solution File, Format Version 9.00
# Visual Studio 2005
Project("{8BC9CEB8-8B4A-11D0-8D11-00A0C91BC942}") = "FindOptimalUsartSettings", "FindOptimalUsartSettings.vcproj", "{3BE9D9E3-B635-4EA7-8EE3-FB0A8BED18D8}"
EndProject
Global
	GlobalSection(SolutionConfigurationPlatforms) = preSolution
		Debug|Win32 = Debug|Win32
		Release|Win32 = Release|Win32
	EndGlobalSection
	GlobalSection(ProjectConfigurationPlatforms) = postSolution
		{3BE9D9E3-B635-4EA7-8EE3-FB0A8BED18D8}.Debug|Win32.ActiveCfg = Debug|Win32
		{3BE9D9E3-B635-4EA7-8EE3-FB0A8BED18D8}.Debug|Win32.Build.0 = Debug|Win32
		{3BE9D9E3-B635-4EA7-8EE3-FB0A8BED18D8}.Release|Win32.ActiveCfg = Release|Win32
		{3BE9D9E3-B635-4EA7-8EE3-FB0A8BED18D8}.Release|Win32.Build.0 = Release|Win32
	EndGlobalSection
	GlobalSection(SolutionProperties) = preSolution
		HideSolutionNode = FALSE
	EndGlobalSection
EndGlobal
